
Microsoft Visual Studio Solution File, Format Version 12.00
# Visual Studio Version 17
VisualStudioVersion = 17.10.35004.147
MinimumVisualStudioVersion = 10.0.40219.1
Project("{9A19103F-16F7-4668-BE54-9A1E7A4F7556}") = "BidCalculatorApi", "BidCalculatorApi.csproj", "{2D8A82A0-7452-4FD5-A1CE-2843573BC0A9}"
EndProject
Project("{9A19103F-16F7-4668-BE54-9A1E7A4F7556}") = "BidCalculator.UnitTest", "..\BidCalculator.UnitTest\BidCalculator.UnitTest.csproj", "{1B2BC06A-75D8-4EDC-982B-7584376C7238}"
EndProject
Project("{FAE04EC0-301F-11D3-BF4B-00C04F79EFBC}") = "BidCalculator.IntegrationTest", "..\BidCalculator.IntegrationTest\BidCalculator.IntegrationTest.csproj", "{85CDC08A-D3D1-4619-AF84-441267E838E7}"
EndProject
Global
	GlobalSection(SolutionConfigurationPlatforms) = preSolution
		Debug|Any CPU = Debug|Any CPU
		Release|Any CPU = Release|Any CPU
	EndGlobalSection
	GlobalSection(ProjectConfigurationPlatforms) = postSolution
		{2D8A82A0-7452-4FD5-A1CE-2843573BC0A9}.Debug|Any CPU.ActiveCfg = Debug|Any CPU
		{2D8A82A0-7452-4FD5-A1CE-2843573BC0A9}.Debug|Any CPU.Build.0 = Debug|Any CPU
		{2D8A82A0-7452-4FD5-A1CE-2843573BC0A9}.Release|Any CPU.ActiveCfg = Release|Any CPU
		{2D8A82A0-7452-4FD5-A1CE-2843573BC0A9}.Release|Any CPU.Build.0 = Release|Any CPU
		{1B2BC06A-75D8-4EDC-982B-7584376C7238}.Debug|Any CPU.ActiveCfg = Debug|Any CPU
		{1B2BC06A-75D8-4EDC-982B-7584376C7238}.Debug|Any CPU.Build.0 = Debug|Any CPU
		{1B2BC06A-75D8-4EDC-982B-7584376C7238}.Release|Any CPU.ActiveCfg = Release|Any CPU
		{1B2BC06A-75D8-4EDC-982B-7584376C7238}.Release|Any CPU.Build.0 = Release|Any CPU
		{85CDC08A-D3D1-4619-AF84-441267E838E7}.Debug|Any CPU.ActiveCfg = Debug|Any CPU
		{85CDC08A-D3D1-4619-AF84-441267E838E7}.Debug|Any CPU.Build.0 = Debug|Any CPU
		{85CDC08A-D3D1-4619-AF84-441267E838E7}.Release|Any CPU.ActiveCfg = Release|Any CPU
		{85CDC08A-D3D1-4619-AF84-441267E838E7}.Release|Any CPU.Build.0 = Release|Any CPU
	EndGlobalSection
	GlobalSection(SolutionProperties) = preSolution
		HideSolutionNode = FALSE
	EndGlobalSection
	GlobalSection(ExtensibilityGlobals) = postSolution
		SolutionGuid = {BB4DCFDE-8526-4EA0-AFAD-5C51F26F998B}
	EndGlobalSection
EndGlobal
